// !$*UTF8*$!
{
	archiveVersion = 1;
	classes = {
	};
	objectVersion = 46;
	objects = {

/* Begin PBXBuildFile section */
		C5A9CF221A88385B00793773 /* Foundation.framework in Frameworks */ = {isa = PBXBuildFile; fileRef = C5A9CF211A88385B00793773 /* Foundation.framework */; };
		C5A9CF241A88385B00793773 /* CoreGraphics.framework in Frameworks */ = {isa = PBXBuildFile; fileRef = C5A9CF231A88385B00793773 /* CoreGraphics.framework */; };
		C5A9CF261A88385B00793773 /* UIKit.framework in Frameworks */ = {isa = PBXBuildFile; fileRef = C5A9CF251A88385B00793773 /* UIKit.framework */; };
		C5A9CF2C1A88385B00793773 /* InfoPlist.strings in Resources */ = {isa = PBXBuildFile; fileRef = C5A9CF2A1A88385B00793773 /* InfoPlist.strings */; };
		C5A9CF2E1A88385B00793773 /* main.m in Sources */ = {isa = PBXBuildFile; fileRef = C5A9CF2D1A88385B00793773 /* main.m */; };
		C5A9CF321A88385B00793773 /* AppDelegate.m in Sources */ = {isa = PBXBuildFile; fileRef = C5A9CF311A88385B00793773 /* AppDelegate.m */; };
		C5A9CF341A88385B00793773 /* Images.xcassets in Resources */ = {isa = PBXBuildFile; fileRef = C5A9CF331A88385B00793773 /* Images.xcassets */; };
		C5A9CF3B1A88385B00793773 /* XCTest.framework in Frameworks */ = {isa = PBXBuildFile; fileRef = C5A9CF3A1A88385B00793773 /* XCTest.framework */; };
		C5A9CF3C1A88385B00793773 /* Foundation.framework in Frameworks */ = {isa = PBXBuildFile; fileRef = C5A9CF211A88385B00793773 /* Foundation.framework */; };
		C5A9CF3D1A88385B00793773 /* UIKit.framework in Frameworks */ = {isa = PBXBuildFile; fileRef = C5A9CF251A88385B00793773 /* UIKit.framework */; };
		C5A9CF451A88385B00793773 /* InfoPlist.strings in Resources */ = {isa = PBXBuildFile; fileRef = C5A9CF431A88385B00793773 /* InfoPlist.strings */; };
		C5A9CF471A88385B00793773 /* UITextView______Tests.m in Sources */ = {isa = PBXBuildFile; fileRef = C5A9CF461A88385B00793773 /* UITextView______Tests.m */; };
/* End PBXBuildFile section */

/* Begin PBXContainerItemProxy section */
		C5A9CF3E1A88385B00793773 /* PBXContainerItemProxy */ = {
			isa = PBXContainerItemProxy;
			containerPortal = C5A9CF161A88385B00793773 /* Project object */;
			proxyType = 1;
			remoteGlobalIDString = C5A9CF1D1A88385B00793773;
			remoteInfo = "UITextView的创建与使用";
		};
/* End PBXContainerItemProxy section */

/* Begin PBXFileReference section */
		C5A9CF1E1A88385B00793773 /* UITextView的创建与使用.app */ = {isa = PBXFileReference; explicitFileType = wrapper.application; includeInIndex = 0; path = "UITextView的创建与使用.app"; sourceTree = BUILT_PRODUCTS_DIR; };
		C5A9CF211A88385B00793773 /* Foundation.framework */ = {isa = PBXFileReference; lastKnownFileType = wrapper.framework; name = Foundation.framework; path = System/Library/Frameworks/Foundation.framework; sourceTree = SDKROOT; };
		C5A9CF231A88385B00793773 /* CoreGraphics.framework */ = {isa = PBXFileReference; lastKnownFileType = wrapper.framework; name = CoreGraphics.framework; path = System/Library/Frameworks/CoreGraphics.framework; sourceTree = SDKROOT; };
		C5A9CF251A88385B00793773 /* UIKit.framework */ = {isa = PBXFileReference; lastKnownFileType = wrapper.framework; name = UIKit.framework; path = System/Library/Frameworks/UIKit.framework; sourceTree = SDKROOT; };
		C5A9CF291A88385B00793773 /* UITextView的创建与使用-Info.plist */ = {isa = PBXFileReference; lastKnownFileType = text.plist.xml; path = "UITextView的创建与使用-Info.plist"; sourceTree = "<group>"; };
		C5A9CF2B1A88385B00793773 /* en */ = {isa = PBXFileReference; lastKnownFileType = text.plist.strings; name = en; path = en.lproj/InfoPlist.strings; sourceTree = "<group>"; };
		C5A9CF2D1A88385B00793773 /* main.m */ = {isa = PBXFileReference; lastKnownFileType = sourcecode.c.objc; path = main.m; sourceTree = "<group>"; };
		C5A9CF2F1A88385B00793773 /* UITextView的创建与使用-Prefix.pch */ = {isa = PBXFileReference; lastKnownFileType = sourcecode.c.h; path = "UITextView的创建与使用-Prefix.pch"; sourceTree = "<group>"; };
		C5A9CF301A88385B00793773 /* AppDelegate.h */ = {isa = PBXFileReference; lastKnownFileType = sourcecode.c.h; path = AppDelegate.h; sourceTree = "<group>"; };
		C5A9CF311A88385B00793773 /* AppDelegate.m */ = {isa = PBXFileReference; lastKnownFileType = sourcecode.c.objc; path = AppDelegate.m; sourceTree = "<group>"; };
		C5A9CF331A88385B00793773 /* Images.xcassets */ = {isa = PBXFileReference; lastKnownFileType = folder.assetcatalog; path = Images.xcassets; sourceTree = "<group>"; };
		C5A9CF391A88385B00793773 /* UITextView的创建与使用Tests.xctest */ = {isa = PBXFileReference; explicitFileType = wrapper.cfbundle; includeInIndex = 0; path = "UITextView的创建与使用Tests.xctest"; sourceTree = BUILT_PRODUCTS_DIR; };
		C5A9CF3A1A88385B00793773 /* XCTest.framework */ = {isa = PBXFileReference; lastKnownFileType = wrapper.framework; name = XCTest.framework; path = Library/Frameworks/XCTest.framework; sourceTree = DEVELOPER_DIR; };
		C5A9CF421A88385B00793773 /* UITextView的创建与使用Tests-Info.plist */ = {isa = PBXFileReference; lastKnownFileType = text.plist.xml; path = "UITextView的创建与使用Tests-Info.plist"; sourceTree = "<group>"; };
		C5A9CF441A88385B00793773 /* en */ = {isa = PBXFileReference; lastKnownFileType = text.plist.strings; name = en; path = en.lproj/InfoPlist.strings; sourceTree = "<group>"; };
		C5A9CF461A88385B00793773 /* UITextView______Tests.m */ = {isa = PBXFileReference; lastKnownFileType = sourcecode.c.objc; path = "UITextView______Tests.m"; sourceTree = "<group>"; };
/* End PBXFileReference section */

/* Begin PBXFrameworksBuildPhase section */
		C5A9CF1B1A88385B00793773 /* Frameworks */ = {
			isa = PBXFrameworksBuildPhase;
			buildActionMask = 2147483647;
			files = (
				C5A9CF241A88385B00793773 /* CoreGraphics.framework in Frameworks */,
				C5A9CF261A88385B00793773 /* UIKit.framework in Frameworks */,
				C5A9CF221A88385B00793773 /* Foundation.framework in Frameworks */,
			);
			runOnlyForDeploymentPostprocessing = 0;
		};
		C5A9CF361A88385B00793773 /* Frameworks */ = {
			isa = PBXFrameworksBuildPhase;
			buildActionMask = 2147483647;
			files = (
				C5A9CF3B1A88385B00793773 /* XCTest.framework in Frameworks */,
				C5A9CF3D1A88385B00793773 /* UIKit.framework in Frameworks */,
				C5A9CF3C1A88385B00793773 /* Foundation.framework in Frameworks */,
			);
			runOnlyForDeploymentPostprocessing = 0;
		};
/* End PBXFrameworksBuildPhase section */

/* Begin PBXGroup section */
		C5A9CF151A88385B00793773 = {
			isa = PBXGroup;
			children = (
				C5A9CF271A88385B00793773 /* UITextView的创建与使用 */,
				C5A9CF401A88385B00793773 /* UITextView的创建与使用Tests */,
				C5A9CF201A88385B00793773 /* Frameworks */,
				C5A9CF1F1A88385B00793773 /* Products */,
			);
			sourceTree = "<group>";
		};
		C5A9CF1F1A88385B00793773 /* Products */ = {
			isa = PBXGroup;
			children = (
				C5A9CF1E1A88385B00793773 /* UITextView的创建与使用.app */,
				C5A9CF391A88385B00793773 /* UITextView的创建与使用Tests.xctest */,
			);
			name = Products;
			sourceTree = "<group>";
		};
		C5A9CF201A88385B00793773 /* Frameworks */ = {
			isa = PBXGroup;
			children = (
				C5A9CF211A88385B00793773 /* Foundation.framework */,
				C5A9CF231A88385B00793773 /* CoreGraphics.framework */,
				C5A9CF251A88385B00793773 /* UIKit.framework */,
				C5A9CF3A1A88385B00793773 /* XCTest.framework */,
			);
			name = Frameworks;
			sourceTree = "<group>";
		};
		C5A9CF271A88385B00793773 /* UITextView的创建与使用 */ = {
			isa = PBXGroup;
			children = (
				C5A9CF301A88385B00793773 /* AppDelegate.h */,
				C5A9CF311A88385B00793773 /* AppDelegate.m */,
				C5A9CF331A88385B00793773 /* Images.xcassets */,
				C5A9CF281A88385B00793773 /* Supporting Files */,
			);
			path = "UITextView的创建与使用";
			sourceTree = "<group>";
		};
		C5A9CF281A88385B00793773 /* Supporting Files */ = {
			isa = PBXGroup;
			children = (
				C5A9CF291A88385B00793773 /* UITextView的创建与使用-Info.plist */,
				C5A9CF2A1A88385B00793773 /* InfoPlist.strings */,
				C5A9CF2D1A88385B00793773 /* main.m */,
				C5A9CF2F1A88385B00793773 /* UITextView的创建与使用-Prefix.pch */,
			);
			name = "Supporting Files";
			sourceTree = "<group>";
		};
		C5A9CF401A88385B00793773 /* UITextView的创建与使用Tests */ = {
			isa = PBXGroup;
			children = (
				C5A9CF461A88385B00793773 /* UITextView______Tests.m */,
				C5A9CF411A88385B00793773 /* Supporting Files */,
			);
			path = "UITextView的创建与使用Tests";
			sourceTree = "<group>";
		};
		C5A9CF411A88385B00793773 /* Supporting Files */ = {
			isa = PBXGroup;
			children = (
				C5A9CF421A88385B00793773 /* UITextView的创建与使用Tests-Info.plist */,
				C5A9CF431A88385B00793773 /* InfoPlist.strings */,
			);
			name = "Supporting Files";
			sourceTree = "<group>";
		};
/* End PBXGroup section */

/* Begin PBXNativeTarget section */
		C5A9CF1D1A88385B00793773 /* UITextView的创建与使用 */ = {
			isa = PBXNativeTarget;
			buildConfigurationList = C5A9CF4A1A88385B00793773 /* Build configuration list for PBXNativeTarget "UITextView的创建与使用" */;
			buildPhases = (
				C5A9CF1A1A88385B00793773 /* Sources */,
				C5A9CF1B1A88385B00793773 /* Frameworks */,
				C5A9CF1C1A88385B00793773 /* Resources */,
			);
			buildRules = (
			);
			dependencies = (
			);
			name = "UITextView的创建与使用";
			productName = "UITextView的创建与使用";
			productReference = C5A9CF1E1A88385B00793773 /* UITextView的创建与使用.app */;
			productType = "com.apple.product-type.application";
		};
		C5A9CF381A88385B00793773 /* UITextView的创建与使用Tests */ = {
			isa = PBXNativeTarget;
			buildConfigurationList = C5A9CF4D1A88385B00793773 /* Build configuration list for PBXNativeTarget "UITextView的创建与使用Tests" */;
			buildPhases = (
				C5A9CF351A88385B00793773 /* Sources */,
				C5A9CF361A88385B00793773 /* Frameworks */,
				C5A9CF371A88385B00793773 /* Resources */,
			);
			buildRules = (
			);
			dependencies = (
				C5A9CF3F1A88385B00793773 /* PBXTargetDependency */,
			);
			name = "UITextView的创建与使用Tests";
			productName = "UITextView的创建与使用Tests";
			productReference = C5A9CF391A88385B00793773 /* UITextView的创建与使用Tests.xctest */;
			productType = "com.apple.product-type.bundle.unit-test";
		};
/* End PBXNativeTarget section */

/* Begin PBXProject section */
		C5A9CF161A88385B00793773 /* Project object */ = {
			isa = PBXProject;
			attributes = {
				LastUpgradeCheck = 0510;
				ORGANIZATIONNAME = shikee_Chan;
				TargetAttributes = {
					C5A9CF381A88385B00793773 = {
						TestTargetID = C5A9CF1D1A88385B00793773;
					};
				};
			};
			buildConfigurationList = C5A9CF191A88385B00793773 /* Build configuration list for PBXProject "UITextView的创建与使用" */;
			compatibilityVersion = "Xcode 3.2";
			developmentRegion = English;
			hasScannedForEncodings = 0;
			knownRegions = (
				en,
			);
			mainGroup = C5A9CF151A88385B00793773;
			productRefGroup = C5A9CF1F1A88385B00793773 /* Products */;
			projectDirPath = "";
			projectRoot = "";
			targets = (
				C5A9CF1D1A88385B00793773 /* UITextView的创建与使用 */,
				C5A9CF381A88385B00793773 /* UITextView的创建与使用Tests */,
			);
		};
/* End PBXProject section */

/* Begin PBXResourcesBuildPhase section */
		C5A9CF1C1A88385B00793773 /* Resources */ = {
			isa = PBXResourcesBuildPhase;
			buildActionMask = 2147483647;
			files = (
				C5A9CF2C1A88385B00793773 /* InfoPlist.strings in Resources */,
				C5A9CF341A88385B00793773 /* Images.xcassets in Resources */,
			);
			runOnlyForDeploymentPostprocessing = 0;
		};
		C5A9CF371A88385B00793773 /* Resources */ = {
			isa = PBXResourcesBuildPhase;
			buildActionMask = 2147483647;
			files = (
				C5A9CF451A88385B00793773 /* InfoPlist.strings in Resources */,
			);
			runOnlyForDeploymentPostprocessing = 0;
		};
/* End PBXResourcesBuildPhase section */

/* Begin PBXSourcesBuildPhase section */
		C5A9CF1A1A88385B00793773 /* Sources */ = {
			isa = PBXSourcesBuildPhase;
			buildActionMask = 2147483647;
			files = (
				C5A9CF321A88385B00793773 /* AppDelegate.m in Sources */,
				C5A9CF2E1A88385B00793773 /* main.m in Sources */,
			);
			runOnlyForDeploymentPostprocessing = 0;
		};
		C5A9CF351A88385B00793773 /* Sources */ = {
			isa = PBXSourcesBuildPhase;
			buildActionMask = 2147483647;
			files = (
				C5A9CF471A88385B00793773 /* UITextView______Tests.m in Sources */,
			);
			runOnlyForDeploymentPostprocessing = 0;
		};
/* End PBXSourcesBuildPhase section */

/* Begin PBXTargetDependency section */
		C5A9CF3F1A88385B00793773 /* PBXTargetDependency */ = {
			isa = PBXTargetDependency;
			target = C5A9CF1D1A88385B00793773 /* UITextView的创建与使用 */;
			targetProxy = C5A9CF3E1A88385B00793773 /* PBXContainerItemProxy */;
		};
/* End PBXTargetDependency section */

/* Begin PBXVariantGroup section */
		C5A9CF2A1A88385B00793773 /* InfoPlist.strings */ = {
			isa = PBXVariantGroup;
			children = (
				C5A9CF2B1A88385B00793773 /* en */,
			);
			name = InfoPlist.strings;
			sourceTree = "<group>";
		};
		C5A9CF431A88385B00793773 /* InfoPlist.strings */ = {
			isa = PBXVariantGroup;
			children = (
				C5A9CF441A88385B00793773 /* en */,
			);
			name = InfoPlist.strings;
			sourceTree = "<group>";
		};
/* End PBXVariantGroup section */

/* Begin XCBuildConfiguration section */
		C5A9CF481A88385B00793773 /* Debug */ = {
			isa = XCBuildConfiguration;
			buildSettings = {
				ALWAYS_SEARCH_USER_PATHS = NO;
				CLANG_CXX_LANGUAGE_STANDARD = "gnu++0x";
				CLANG_CXX_LIBRARY = "libc++";
				CLANG_ENABLE_MODULES = YES;
				CLANG_ENABLE_OBJC_ARC = YES;
				CLANG_WARN_BOOL_CONVERSION = YES;
				CLANG_WARN_CONSTANT_CONVERSION = YES;
				CLANG_WARN_DIRECT_OBJC_ISA_USAGE = YES_ERROR;
				CLANG_WARN_EMPTY_BODY = YES;
				CLANG_WARN_ENUM_CONVERSION = YES;
				CLANG_WARN_INT_CONVERSION = YES;
				CLANG_WARN_OBJC_ROOT_CLASS = YES_ERROR;
				CLANG_WARN__DUPLICATE_METHOD_MATCH = YES;
				"CODE_SIGN_IDENTITY[sdk=iphoneos*]" = "iPhone Developer";
				COPY_PHASE_STRIP = NO;
				GCC_C_LANGUAGE_STANDARD = gnu99;
				GCC_DYNAMIC_NO_PIC = NO;
				GCC_OPTIMIZATION_LEVEL = 0;
				GCC_PREPROCESSOR_DEFINITIONS = (
					"DEBUG=1",
					"$(inherited)",
				);
				GCC_SYMBOLS_PRIVATE_EXTERN = NO;
				GCC_WARN_64_TO_32_BIT_CONVERSION = YES;
				GCC_WARN_ABOUT_RETURN_TYPE = YES_ERROR;
				GCC_WARN_UNDECLARED_SELECTOR = YES;
				GCC_WARN_UNINITIALIZED_AUTOS = YES_AGGRESSIVE;
				GCC_WARN_UNUSED_FUNCTION = YES;
				GCC_WARN_UNUSED_VARIABLE = YES;
				IPHONEOS_DEPLOYMENT_TARGET = 7.1;
				ONLY_ACTIVE_ARCH = YES;
				SDKROOT = iphoneos;
			};
			name = Debug;
		};
		C5A9CF491A88385B00793773 /* Release */ = {
			isa = XCBuildConfiguration;
			buildSettings = {
				ALWAYS_SEARCH_USER_PATHS = NO;
				CLANG_CXX_LANGUAGE_STANDARD = "gnu++0x";
				CLANG_CXX_LIBRARY = "libc++";
				CLANG_ENABLE_MODULES = YES;
				CLANG_ENABLE_OBJC_ARC = YES;
				CLANG_WARN_BOOL_CONVERSION = YES;
				CLANG_WARN_CONSTANT_CONVERSION = YES;
				CLANG_WARN_DIRECT_OBJC_ISA_USAGE = YES_ERROR;
				CLANG_WARN_EMPTY_BODY = YES;
				CLANG_WARN_ENUM_CONVERSION = YES;
				CLANG_WARN_INT_CONVERSION = YES;
				CLANG_WARN_OBJC_ROOT_CLASS = YES_ERROR;
				CLANG_WARN__DUPLICATE_METHOD_MATCH = YES;
				"CODE_SIGN_IDENTITY[sdk=iphoneos*]" = "iPhone Developer";
				COPY_PHASE_STRIP = YES;
				ENABLE_NS_ASSERTIONS = NO;
				GCC_C_LANGUAGE_STANDARD = gnu99;
				GCC_WARN_64_TO_32_BIT_CONVERSION = YES;
				GCC_WARN_ABOUT_RETURN_TYPE = YES_ERROR;
				GCC_WARN_UNDECLARED_SELECTOR = YES;
				GCC_WARN_UNINITIALIZED_AUTOS = YES_AGGRESSIVE;
				GCC_WARN_UNUSED_FUNCTION = YES;
				GCC_WARN_UNUSED_VARIABLE = YES;
				IPHONEOS_DEPLOYMENT_TARGET = 7.1;
				SDKROOT = iphoneos;
				VALIDATE_PRODUCT = YES;
			};
			name = Release;
		};
		C5A9CF4B1A88385B00793773 /* Debug */ = {
			isa = XCBuildConfiguration;
			buildSettings = {
				ASSETCATALOG_COMPILER_APPICON_NAME = AppIcon;
				ASSETCATALOG_COMPILER_LAUNCHIMAGE_NAME = LaunchImage;
				GCC_PRECOMPILE_PREFIX_HEADER = YES;
				GCC_PREFIX_HEADER = "UITextView的创建与使用/UITextView的创建与使用-Prefix.pch";
				INFOPLIST_FILE = "UITextView的创建与使用/UITextView的创建与使用-Info.plist";
				PRODUCT_NAME = "$(TARGET_NAME)";
				WRAPPER_EXTENSION = app;
			};
			name = Debug;
		};
		C5A9CF4C1A88385B00793773 /* Release */ = {
			isa = XCBuildConfiguration;
			buildSettings = {
				ASSETCATALOG_COMPILER_APPICON_NAME = AppIcon;
				ASSETCATALOG_COMPILER_LAUNCHIMAGE_NAME = LaunchImage;
				GCC_PRECOMPILE_PREFIX_HEADER = YES;
				GCC_PREFIX_HEADER = "UITextView的创建与使用/UITextView的创建与使用-Prefix.pch";
				INFOPLIST_FILE = "UITextView的创建与使用/UITextView的创建与使用-Info.plist";
				PRODUCT_NAME = "$(TARGET_NAME)";
				WRAPPER_EXTENSION = app;
			};
			name = Release;
		};
		C5A9CF4E1A88385B00793773 /* Debug */ = {
			isa = XCBuildConfiguration;
			buildSettings = {
				BUNDLE_LOADER = "$(BUILT_PRODUCTS_DIR)/UITextView的创建与使用.app/UITextView的创建与使用";
				FRAMEWORK_SEARCH_PATHS = (
					"$(SDKROOT)/Developer/Library/Frameworks",
					"$(inherited)",
					"$(DEVELOPER_FRAMEWORKS_DIR)",
				);
				GCC_PRECOMPILE_PREFIX_HEADER = YES;
				GCC_PREFIX_HEADER = "UITextView的创建与使用/UITextView的创建与使用-Prefix.pch";
				GCC_PREPROCESSOR_DEFINITIONS = (
					"DEBUG=1",
					"$(inherited)",
				);
				INFOPLIST_FILE = "UITextView的创建与使用Tests/UITextView的创建与使用Tests-Info.plist";
				PRODUCT_NAME = "$(TARGET_NAME)";
				TEST_HOST = "$(BUNDLE_LOADER)";
				WRAPPER_EXTENSION = xctest;
			};
			name = Debug;
		};
		C5A9CF4F1A88385B00793773 /* Release */ = {
			isa = XCBuildConfiguration;
			buildSettings = {
				BUNDLE_LOADER = "$(BUILT_PRODUCTS_DIR)/UITextView的创建与使用.app/UITextView的创建与使用";
				FRAMEWORK_SEARCH_PATHS = (
					"$(SDKROOT)/Developer/Library/Frameworks",
					"$(inherited)",
					"$(DEVELOPER_FRAMEWORKS_DIR)",
				);
				GCC_PRECOMPILE_PREFIX_HEADER = YES;
				GCC_PREFIX_HEADER = "UITextView的创建与使用/UITextView的创建与使用-Prefix.pch";
				INFOPLIST_FILE = "UITextView的创建与使用Tests/UITextView的创建与使用Tests-Info.plist";
				PRODUCT_NAME = "$(TARGET_NAME)";
				TEST_HOST = "$(BUNDLE_LOADER)";
				WRAPPER_EXTENSION = xctest;
			};
			name = Release;
		};
/* End XCBuildConfiguration section */

/* Begin XCConfigurationList section */
		C5A9CF191A88385B00793773 /* Build configuration list for PBXProject "UITextView的创建与使用" */ = {
			isa = XCConfigurationList;
			buildConfigurations = (
				C5A9CF481A88385B00793773 /* Debug */,
				C5A9CF491A88385B00793773 /* Release */,
			);
			defaultConfigurationIsVisible = 0;
			defaultConfigurationName = Release;
		};
		C5A9CF4A1A88385B00793773 /* Build configuration list for PBXNativeTarget "UITextView的创建与使用" */ = {
			isa = XCConfigurationList;
			buildConfigurations = (
				C5A9CF4B1A88385B00793773 /* Debug */,
				C5A9CF4C1A88385B00793773 /* Release */,
			);
			defaultConfigurationIsVisible = 0;
		};
		C5A9CF4D1A88385B00793773 /* Build configuration list for PBXNativeTarget "UITextView的创建与使用Tests" */ = {
			isa = XCConfigurationList;
			buildConfigurations = (
				C5A9CF4E1A88385B00793773 /* Debug */,
				C5A9CF4F1A88385B00793773 /* Release */,
			);
			defaultConfigurationIsVisible = 0;
		};
/* End XCConfigurationList section */
	};
	rootObject = C5A9CF161A88385B00793773 /* Project object */;
}
